
Microsoft Visual Studio Solution File, Format Version 12.00
# Visual Studio Version 17
VisualStudioVersion = 17.1.32113.165
MinimumVisualStudioVersion = 10.0.40219.1
Project("{FAE04EC0-301F-11D3-BF4B-00C04F79EFBC}") = "eCommerceSite", "eCommerceSite\eCommerceSite.csproj", "{858EE3D1-FAA0-44C3-BD5A-4086F235B2EC}"
EndProject
Global
	GlobalSection(SolutionConfigurationPlatforms) = preSolution
		Debug|Any CPU = Debug|Any CPU
		Release|Any CPU = Release|Any CPU
	EndGlobalSection
	GlobalSection(ProjectConfigurationPlatforms) = postSolution
		{858EE3D1-FAA0-44C3-BD5A-4086F235B2EC}.Debug|Any CPU.ActiveCfg = Debug|Any CPU
		{858EE3D1-FAA0-44C3-BD5A-4086F235B2EC}.Debug|Any CPU.Build.0 = Debug|Any CPU
		{858EE3D1-FAA0-44C3-BD5A-4086F235B2EC}.Release|Any CPU.ActiveCfg = Release|Any CPU
		{858EE3D1-FAA0-44C3-BD5A-4086F235B2EC}.Release|Any CPU.Build.0 = Release|Any CPU
	EndGlobalSection
	GlobalSection(SolutionProperties) = preSolution
		HideSolutionNode = FALSE
	EndGlobalSection
	GlobalSection(ExtensibilityGlobals) = postSolution
		SolutionGuid = {F6BA363C-40C1-4217-B6F8-260FB76F5C50}
	EndGlobalSection
EndGlobal
